# THIS IS AN AUTOGENERATED FILE. DO NOT EDIT THIS FILE DIRECTLY.
# yarn lockfile v1


"@inquirer/checkbox@^4.1.9":
  version "4.1.9"
  resolved "https://registry.yarnpkg.com/@inquirer/checkbox/-/checkbox-4.1.9.tgz#431c65a3a1fd289be8102034ece15c91dda1ceec"
  integrity sha512-DBJBkzI5Wx4jFaYm221LHvAhpKYkhVS0k9plqHwaHhofGNxvYB7J3Bz8w+bFJ05zaMb0sZNHo4KdmENQFlNTuQ==
  dependencies:
    "@inquirer/core" "^10.1.14"
    "@inquirer/figures" "^1.0.12"
    "@inquirer/type" "^3.0.7"
    ansi-escapes "^4.3.2"
    yoctocolors-cjs "^2.1.2"

"@inquirer/confirm@^5.1.13":
  version "5.1.13"
  resolved "https://registry.yarnpkg.com/@inquirer/confirm/-/confirm-5.1.13.tgz#4931515edc63e25d833c9a40ccf1855e8e822dbc"
  integrity sha512-EkCtvp67ICIVVzjsquUiVSd+V5HRGOGQfsqA4E4vMWhYnB7InUL0pa0TIWt1i+OfP16Gkds8CdIu6yGZwOM1Yw==
  dependencies:
    "@inquirer/core" "^10.1.14"
    "@inquirer/type" "^3.0.7"

"@inquirer/core@^10.1.14":
  version "10.1.14"
  resolved "https://registry.yarnpkg.com/@inquirer/core/-/core-10.1.14.tgz#7678b2daaecf32fa2f6e02a03dc235f9620e197f"
  integrity sha512-Ma+ZpOJPewtIYl6HZHZckeX1STvDnHTCB2GVINNUlSEn2Am6LddWwfPkIGY0IUFVjUUrr/93XlBwTK6mfLjf0A==
  dependencies:
    "@inquirer/figures" "^1.0.12"
    "@inquirer/type" "^3.0.7"
    ansi-escapes "^4.3.2"
    cli-width "^4.1.0"
    mute-stream "^2.0.0"
    signal-exit "^4.1.0"
    wrap-ansi "^6.2.0"
    yoctocolors-cjs "^2.1.2"

"@inquirer/editor@^4.2.14":
  version "4.2.14"
  resolved "https://registry.yarnpkg.com/@inquirer/editor/-/editor-4.2.14.tgz#74565caa37cd5f892a44663455194c35a527bfaf"
  integrity sha512-yd2qtLl4QIIax9DTMZ1ZN2pFrrj+yL3kgIWxm34SS6uwCr0sIhsNyudUjAo5q3TqI03xx4SEBkUJqZuAInp9uA==
  dependencies:
    "@inquirer/core" "^10.1.14"
    "@inquirer/type" "^3.0.7"
    external-editor "^3.1.0"

"@inquirer/expand@^4.0.16":
  version "4.0.16"
  resolved "https://registry.yarnpkg.com/@inquirer/expand/-/expand-4.0.16.tgz#c87bbb0d5b05e4b54366e2841f993819f2339290"
  integrity sha512-oiDqafWzMtofeJyyGkb1CTPaxUkjIcSxePHHQCfif8t3HV9pHcw1Kgdw3/uGpDvaFfeTluwQtWiqzPVjAqS3zA==
  dependencies:
    "@inquirer/core" "^10.1.14"
    "@inquirer/type" "^3.0.7"
    yoctocolors-cjs "^2.1.2"

"@inquirer/figures@^1.0.12":
  version "1.0.12"
  resolved "https://registry.yarnpkg.com/@inquirer/figures/-/figures-1.0.12.tgz#667d6254cc7ba3b0c010a323d78024a1d30c6053"
  integrity sha512-MJttijd8rMFcKJC8NYmprWr6hD3r9Gd9qUC0XwPNwoEPWSMVJwA2MlXxF+nhZZNMY+HXsWa+o7KY2emWYIn0jQ==

"@inquirer/input@^4.2.0":
  version "4.2.0"
  resolved "https://registry.yarnpkg.com/@inquirer/input/-/input-4.2.0.tgz#ba13f09765b040964e21402b8f3d8019791996f9"
  integrity sha512-opqpHPB1NjAmDISi3uvZOTrjEEU5CWVu/HBkDby8t93+6UxYX0Z7Ps0Ltjm5sZiEbWenjubwUkivAEYQmy9xHw==
  dependencies:
    "@inquirer/core" "^10.1.14"
    "@inquirer/type" "^3.0.7"

"@inquirer/number@^3.0.16":
  version "3.0.16"
  resolved "https://registry.yarnpkg.com/@inquirer/number/-/number-3.0.16.tgz#1abf6fc71af9f44954291a6d9211a9e572c64906"
  integrity sha512-kMrXAaKGavBEoBYUCgualbwA9jWUx2TjMA46ek+pEKy38+LFpL9QHlTd8PO2kWPUgI/KB+qi02o4y2rwXbzr3Q==
  dependencies:
    "@inquirer/core" "^10.1.14"
    "@inquirer/type" "^3.0.7"

"@inquirer/password@^4.0.16":
  version "4.0.16"
  resolved "https://registry.yarnpkg.com/@inquirer/password/-/password-4.0.16.tgz#baa79020aa371b7b2acfaba973d93223adf91580"
  integrity sha512-g8BVNBj5Zeb5/Y3cSN+hDUL7CsIFDIuVxb9EPty3lkxBaYpjL5BNRKSYOF9yOLe+JOcKFd+TSVeADQ4iSY7rbg==
  dependencies:
    "@inquirer/core" "^10.1.14"
    "@inquirer/type" "^3.0.7"
    ansi-escapes "^4.3.2"

"@inquirer/prompts@^7.6.0":
  version "7.6.0"
  resolved "https://registry.yarnpkg.com/@inquirer/prompts/-/prompts-7.6.0.tgz#46f82154d9d9e4d8a2999d36f9da3594b1dda9f8"
  integrity sha512-jAhL7tyMxB3Gfwn4HIJ0yuJ5pvcB5maYUcouGcgd/ub79f9MqZ+aVnBtuFf+VC2GTkCBF+R+eo7Vi63w5VZlzw==
  dependencies:
    "@inquirer/checkbox" "^4.1.9"
    "@inquirer/confirm" "^5.1.13"
    "@inquirer/editor" "^4.2.14"
    "@inquirer/expand" "^4.0.16"
    "@inquirer/input" "^4.2.0"
    "@inquirer/number" "^3.0.16"
    "@inquirer/password" "^4.0.16"
    "@inquirer/rawlist" "^4.1.4"
    "@inquirer/search" "^3.0.16"
    "@inquirer/select" "^4.2.4"

"@inquirer/rawlist@^4.1.4":
  version "4.1.4"
  resolved "https://registry.yarnpkg.com/@inquirer/rawlist/-/rawlist-4.1.4.tgz#a08ccbd2cc3c800fc09787a690918cb3932abbc6"
  integrity sha512-5GGvxVpXXMmfZNtvWw4IsHpR7RzqAR624xtkPd1NxxlV5M+pShMqzL4oRddRkg8rVEOK9fKdJp1jjVML2Lr7TQ==
  dependencies:
    "@inquirer/core" "^10.1.14"
    "@inquirer/type" "^3.0.7"
    yoctocolors-cjs "^2.1.2"

"@inquirer/search@^3.0.16":
  version "3.0.16"
  resolved "https://registry.yarnpkg.com/@inquirer/search/-/search-3.0.16.tgz#b72a75216f59a42a77fc5727b47f6bc776d88d3d"
  integrity sha512-POCmXo+j97kTGU6aeRjsPyuCpQQfKcMXdeTMw708ZMtWrj5aykZvlUxH4Qgz3+Y1L/cAVZsSpA+UgZCu2GMOMg==
  dependencies:
    "@inquirer/core" "^10.1.14"
    "@inquirer/figures" "^1.0.12"
    "@inquirer/type" "^3.0.7"
    yoctocolors-cjs "^2.1.2"

"@inquirer/select@^4.2.4":
  version "4.2.4"
  resolved "https://registry.yarnpkg.com/@inquirer/select/-/select-4.2.4.tgz#72c964e24bf15316cbc4dc08183106a094c975f2"
  integrity sha512-unTppUcTjmnbl/q+h8XeQDhAqIOmwWYWNyiiP2e3orXrg6tOaa5DHXja9PChCSbChOsktyKgOieRZFnajzxoBg==
  dependencies:
    "@inquirer/core" "^10.1.14"
    "@inquirer/figures" "^1.0.12"
    "@inquirer/type" "^3.0.7"
    ansi-escapes "^4.3.2"
    yoctocolors-cjs "^2.1.2"

"@inquirer/type@^3.0.7":
  version "3.0.7"
  resolved "https://registry.yarnpkg.com/@inquirer/type/-/type-3.0.7.tgz#b46bcf377b3172dbc768fdbd053e6492ad801a09"
  integrity sha512-PfunHQcjwnju84L+ycmcMKB/pTPIngjUJvfnRhKY6FKPuYXlM4aQCb/nIdTFR6BEhMjFvngzvng/vBAJMZpLSA==

"@octokit/auth-token@^5.0.0":
  version "5.1.1"
  resolved "https://registry.yarnpkg.com/@octokit/auth-token/-/auth-token-5.1.1.tgz#3bbfe905111332a17f72d80bd0b51a3e2fa2cf07"
  integrity sha512-rh3G3wDO8J9wSjfI436JUKzHIxq8NaiL0tVeB2aXmG6p/9859aUOAjA9pmSPNGGZxfwmaJ9ozOJImuNVJdpvbA==

"@octokit/core@^6.1.4":
  version "6.1.4"
  resolved "https://registry.yarnpkg.com/@octokit/core/-/core-6.1.4.tgz#f5ccf911cc95b1ce9daf6de425d1664392f867db"
  integrity sha512-lAS9k7d6I0MPN+gb9bKDt7X8SdxknYqAMh44S5L+lNqIN2NuV8nvv3g8rPp7MuRxcOpxpUIATWprO0C34a8Qmg==
  dependencies:
    "@octokit/auth-token" "^5.0.0"
    "@octokit/graphql" "^8.1.2"
    "@octokit/request" "^9.2.1"
    "@octokit/request-error" "^6.1.7"
    "@octokit/types" "^13.6.2"
    before-after-hook "^3.0.2"
    universal-user-agent "^7.0.0"

"@octokit/endpoint@^10.1.3":
  version "10.1.3"
  resolved "https://registry.yarnpkg.com/@octokit/endpoint/-/endpoint-10.1.3.tgz#bfe8ff2ec213eb4216065e77654bfbba0fc6d4de"
  integrity sha512-nBRBMpKPhQUxCsQQeW+rCJ/OPSMcj3g0nfHn01zGYZXuNDvvXudF/TYY6APj5THlurerpFN4a/dQAIAaM6BYhA==
  dependencies:
    "@octokit/types" "^13.6.2"
    universal-user-agent "^7.0.2"

"@octokit/graphql@^8.1.2":
  version "8.1.2"
  resolved "https://registry.yarnpkg.com/@octokit/graphql/-/graphql-8.1.2.tgz#98b9072b22e0471b782d52ed0da08e2b2de52b17"
  integrity sha512-bdlj/CJVjpaz06NBpfHhp4kGJaRZfz7AzC+6EwUImRtrwIw8dIgJ63Xg0OzV9pRn3rIzrt5c2sa++BL0JJ8GLw==
  dependencies:
    "@octokit/request" "^9.1.4"
    "@octokit/types" "^13.6.2"
    universal-user-agent "^7.0.0"

"@octokit/openapi-types@^23.0.1":
  version "23.0.1"
  resolved "https://registry.yarnpkg.com/@octokit/openapi-types/-/openapi-types-23.0.1.tgz#3721646ecd36b596ddb12650e0e89d3ebb2dd50e"
  integrity sha512-izFjMJ1sir0jn0ldEKhZ7xegCTj/ObmEDlEfpFrx4k/JyZSMRHbO3/rBwgE7f3m2DHt+RrNGIVw4wSmwnm3t/g==

"@octokit/plugin-paginate-rest@^11.4.2":
  version "11.4.2"
  resolved "https://registry.yarnpkg.com/@octokit/plugin-paginate-rest/-/plugin-paginate-rest-11.4.2.tgz#8f46a1de74c35e016c86701ef4ea0e8ef25a06e0"
  integrity sha512-BXJ7XPCTDXFF+wxcg/zscfgw2O/iDPtNSkwwR1W1W5c4Mb3zav/M2XvxQ23nVmKj7jpweB4g8viMeCQdm7LMVA==
  dependencies:
    "@octokit/types" "^13.7.0"

"@octokit/plugin-request-log@^5.3.1":
  version "5.3.1"
  resolved "https://registry.yarnpkg.com/@octokit/plugin-request-log/-/plugin-request-log-5.3.1.tgz#ccb75d9705de769b2aa82bcd105cc96eb0c00f69"
  integrity sha512-n/lNeCtq+9ofhC15xzmJCNKP2BWTv8Ih2TTy+jatNCCq/gQP/V7rK3fjIfuz0pDWDALO/o/4QY4hyOF6TQQFUw==

"@octokit/plugin-rest-endpoint-methods@^13.3.0":
  version "13.3.0"
  resolved "https://registry.yarnpkg.com/@octokit/plugin-rest-endpoint-methods/-/plugin-rest-endpoint-methods-13.3.0.tgz#ee18b9d6364bbae1d86e960d5576b555b41d2079"
  integrity sha512-LUm44shlmkp/6VC+qQgHl3W5vzUP99ZM54zH6BuqkJK4DqfFLhegANd+fM4YRLapTvPm4049iG7F3haANKMYvQ==
  dependencies:
    "@octokit/types" "^13.7.0"

"@octokit/request-error@^6.1.7":
  version "6.1.7"
  resolved "https://registry.yarnpkg.com/@octokit/request-error/-/request-error-6.1.7.tgz#44fc598f5cdf4593e0e58b5155fe2e77230ff6da"
  integrity sha512-69NIppAwaauwZv6aOzb+VVLwt+0havz9GT5YplkeJv7fG7a40qpLt/yZKyiDxAhgz0EtgNdNcb96Z0u+Zyuy2g==
  dependencies:
    "@octokit/types" "^13.6.2"

"@octokit/request@^9.1.4", "@octokit/request@^9.2.1":
  version "9.2.2"
  resolved "https://registry.yarnpkg.com/@octokit/request/-/request-9.2.2.tgz#754452ec4692d7fdc32438a14e028eba0e6b2c09"
  integrity sha512-dZl0ZHx6gOQGcffgm1/Sf6JfEpmh34v3Af2Uci02vzUYz6qEN6zepoRtmybWXIGXFIK8K9ylE3b+duCWqhArtg==
  dependencies:
    "@octokit/endpoint" "^10.1.3"
    "@octokit/request-error" "^6.1.7"
    "@octokit/types" "^13.6.2"
    fast-content-type-parse "^2.0.0"
    universal-user-agent "^7.0.2"

"@octokit/rest@21.1.1":
  version "21.1.1"
  resolved "https://registry.yarnpkg.com/@octokit/rest/-/rest-21.1.1.tgz#7a70455ca451b1d253e5b706f35178ceefb74de2"
  integrity sha512-sTQV7va0IUVZcntzy1q3QqPm/r8rWtDCqpRAmb8eXXnKkjoQEtFe3Nt5GTVsHft+R6jJoHeSiVLcgcvhtue/rg==
  dependencies:
    "@octokit/core" "^6.1.4"
    "@octokit/plugin-paginate-rest" "^11.4.2"
    "@octokit/plugin-request-log" "^5.3.1"
    "@octokit/plugin-rest-endpoint-methods" "^13.3.0"

"@octokit/types@^13.6.2", "@octokit/types@^13.7.0":
  version "13.7.0"
  resolved "https://registry.yarnpkg.com/@octokit/types/-/types-13.7.0.tgz#22d0e26a8c9f53599bfb907213d8ccde547f36aa"
  integrity sha512-BXfRP+3P3IN6fd4uF3SniaHKOO4UXWBfkdR3vA8mIvaoO/wLjGN5qivUtW0QRitBHHMcfC41SLhNVYIZZE+wkA==
  dependencies:
    "@octokit/openapi-types" "^23.0.1"

"@oxlint/darwin-arm64@1.6.0":
  version "1.6.0"
  resolved "https://registry.yarnpkg.com/@oxlint/darwin-arm64/-/darwin-arm64-1.6.0.tgz#68d197eeb3dd599f5d2ca6e04ee59654df26e69e"
  integrity sha512-m3wyqBh1TOHjpr/dXeIZY7OoX+MQazb+bMHQdDtwUvefrafUx+5YHRvulYh1sZSQ449nQ3nk3qj5qj535vZRjg==

"@oxlint/darwin-x64@1.6.0":
  version "1.6.0"
  resolved "https://registry.yarnpkg.com/@oxlint/darwin-x64/-/darwin-x64-1.6.0.tgz#4f2abbbd39b2fb196c072460a1dcac0d73d927ec"
  integrity sha512-75fJfF/9xNypr7cnOYoZBhfmG1yP7ex3pUOeYGakmtZRffO9z1i1quLYhjZsmaDXsAIZ3drMhenYHMmFKS3SRg==

"@oxlint/linux-arm64-gnu@1.6.0":
  version "1.6.0"
  resolved "https://registry.yarnpkg.com/@oxlint/linux-arm64-gnu/-/linux-arm64-gnu-1.6.0.tgz#cbb78ce5826bcfee49c943d3dce38d21e73556ae"
  integrity sha512-YhXGf0FXa72bEt4F7eTVKx5X3zWpbAOPnaA/dZ6/g8tGhw1m9IFjrabVHFjzcx3dQny4MgA59EhyElkDvpUe8A==

"@oxlint/linux-arm64-musl@1.6.0":
  version "1.6.0"
  resolved "https://registry.yarnpkg.com/@oxlint/linux-arm64-musl/-/linux-arm64-musl-1.6.0.tgz#0bbc7d32845d600e20d1fd68e3aaf29fdcb4f786"
  integrity sha512-T3JDhx8mjGjvh5INsPZJrlKHmZsecgDYvtvussKRdkc1Nnn7WC+jH9sh5qlmYvwzvmetlPVNezAoNvmGO9vtMg==

"@oxlint/linux-x64-gnu@1.6.0":
  version "1.6.0"
  resolved "https://registry.yarnpkg.com/@oxlint/linux-x64-gnu/-/linux-x64-gnu-1.6.0.tgz#6b3a47d433e65bbc659528659763a1f18083f566"
  integrity sha512-Dx7ghtAl8aXBdqofJpi338At6lkeCtTfoinTYQXd9/TEJx+f+zCGNlQO6nJz3ydJBX48FDuOFKkNC+lUlWrd8w==

"@oxlint/linux-x64-musl@1.6.0":
  version "1.6.0"
  resolved "https://registry.yarnpkg.com/@oxlint/linux-x64-musl/-/linux-x64-musl-1.6.0.tgz#6d4c233ed34410169c417ca03a31b0399a6d481b"
  integrity sha512-7KvMGdWmAZtAtg6IjoEJHKxTXdAcrHnUnqfgs0JpXst7trquV2mxBeRZusQXwxpu4HCSomKMvJfsp1qKaqSFDg==

"@oxlint/win32-arm64@1.6.0":
  version "1.6.0"
  resolved "https://registry.yarnpkg.com/@oxlint/win32-arm64/-/win32-arm64-1.6.0.tgz#af1f285fb6d00830c34c0e71c0e63f688f6552cf"
  integrity sha512-iSGC9RwX+dl7o5KFr5aH7Gq3nFbkq/3Gda6mxNPMvNkWrgXdIyiINxpyD8hJu566M+QSv1wEAu934BZotFDyoQ==

"@oxlint/win32-x64@1.6.0":
  version "1.6.0"
  resolved "https://registry.yarnpkg.com/@oxlint/win32-x64/-/win32-x64-1.6.0.tgz#4136819bcd4018f474620bf9cd6d788c292bb7ba"
  integrity sha512-jOj3L/gfLc0IwgOTkZMiZ5c673i/hbAmidlaylT0gE6H18hln9HxPgp5GCf4E4y6mwEJlW8QC5hQi221+9otdA==

"@types/node@22.16.5":
  version "22.16.5"
  resolved "https://registry.yarnpkg.com/@types/node/-/node-22.16.5.tgz#cc46ac3994cd957000d0c11095a0b1dae2ea2368"
  integrity sha512-bJFoMATwIGaxxx8VJPeM8TonI8t579oRvgAuT8zFugJsJZgzqv0Fu8Mhp68iecjzG7cnN3mO2dJQ5uUM2EFrgQ==
  dependencies:
    undici-types "~6.21.0"

ansi-escapes@^4.3.2:
  version "4.3.2"
  resolved "https://registry.yarnpkg.com/ansi-escapes/-/ansi-escapes-4.3.2.tgz#6b2291d1db7d98b6521d5f1efa42d0f3a9feb65e"
  integrity sha512-gKXj5ALrKWQLsYG9jlTRmR/xKluxHV+Z9QEwNIgCfM1/uwPMCuzVVnh5mwTd+OuBZcwSIMbqssNWRm1lE51QaQ==
  dependencies:
    type-fest "^0.21.3"

ansi-regex@^5.0.1:
  version "5.0.1"
  resolved "https://registry.yarnpkg.com/ansi-regex/-/ansi-regex-5.0.1.tgz#082cb2c89c9fe8659a311a53bd6a4dc5301db304"
  integrity sha512-quJQXlTSUGL2LH9SUXo8VwsY4soanhgo6LNSm84E1LBcE8s3O0wpdiRzyR9z/ZZJMlMWv37qOOb9pdJlMUEKFQ==

ansi-styles@^4.0.0:
  version "4.3.0"
  resolved "https://registry.yarnpkg.com/ansi-styles/-/ansi-styles-4.3.0.tgz#edd803628ae71c04c85ae7a0906edad34b648937"
  integrity sha512-zbB9rCJAT1rbjiVDb2hqKFHNYLxgtk8NURxZ3IZwD3F6NtxbXZQCnnSi1Lkx+IDohdPlFp222wVALIheZJQSEg==
  dependencies:
    color-convert "^2.0.1"

before-after-hook@^3.0.2:
  version "3.0.2"
  resolved "https://registry.yarnpkg.com/before-after-hook/-/before-after-hook-3.0.2.tgz#d5665a5fa8b62294a5aa0a499f933f4a1016195d"
  integrity sha512-Nik3Sc0ncrMK4UUdXQmAnRtzmNQTAAXmXIopizwZ1W1t8QmfJj+zL4OA2I7XPTPW5z5TDqv4hRo/JzouDJnX3A==

chardet@^0.7.0:
  version "0.7.0"
  resolved "https://registry.yarnpkg.com/chardet/-/chardet-0.7.0.tgz#90094849f0937f2eedc2425d0d28a9e5f0cbad9e"
  integrity sha512-mT8iDcrh03qDGRRmoA2hmBJnxpllMR+0/0qlzjqZES6NdiWDcZkCNAk4rPFZ9Q85r27unkiNNg8ZOiwZXBHwcA==

cli-width@^4.1.0:
  version "4.1.0"
  resolved "https://registry.yarnpkg.com/cli-width/-/cli-width-4.1.0.tgz#42daac41d3c254ef38ad8ac037672130173691c5"
  integrity sha512-ouuZd4/dm2Sw5Gmqy6bGyNNNe1qt9RpmxveLSO7KcgsTnU7RXfsw+/bukWGo1abgBiMAic068rclZsO4IWmmxQ==

color-convert@^2.0.1:
  version "2.0.1"
  resolved "https://registry.yarnpkg.com/color-convert/-/color-convert-2.0.1.tgz#72d3a68d598c9bdb3af2ad1e84f21d896abd4de3"
  integrity sha512-RRECPsj7iu/xb5oKYcsFHSppFNnsj/52OVTRKb4zP5onXwVF3zVmmToNcOfGC+CRDpfK/U584fMg38ZHCaElKQ==
  dependencies:
    color-name "~1.1.4"

color-name@~1.1.4:
  version "1.1.4"
  resolved "https://registry.yarnpkg.com/color-name/-/color-name-1.1.4.tgz#c2a09a87acbde69543de6f63fa3995c826c536a2"
  integrity sha512-dOy+3AuW3a2wNbZHIuMZpTcgjGuLU/uBL/ubcZF9OXbDo8ff4O8yVp5Bf0efS8uEoYo5q4Fx7dY9OgQGXgAsQA==

emoji-regex@^8.0.0:
  version "8.0.0"
  resolved "https://registry.yarnpkg.com/emoji-regex/-/emoji-regex-8.0.0.tgz#e818fd69ce5ccfcb404594f842963bf53164cc37"
  integrity sha512-MSjYzcWNOA0ewAHpz0MxpYFvwg6yjy1NG3xteoqz644VCo/RPgnr1/GGt+ic3iJTzQ8Eu3TdM14SawnVUmGE6A==

external-editor@^3.1.0:
  version "3.1.0"
  resolved "https://registry.yarnpkg.com/external-editor/-/external-editor-3.1.0.tgz#cb03f740befae03ea4d283caed2741a83f335495"
  integrity sha512-hMQ4CX1p1izmuLYyZqLMO/qGNw10wSv9QDCPfzXfyFrOaCSSoRfqE1Kf1s5an66J5JZC62NewG+mK49jOCtQew==
  dependencies:
    chardet "^0.7.0"
    iconv-lite "^0.4.24"
    tmp "^0.0.33"

fast-content-type-parse@^2.0.0:
  version "2.0.1"
  resolved "https://registry.yarnpkg.com/fast-content-type-parse/-/fast-content-type-parse-2.0.1.tgz#c236124534ee2cb427c8d8e5ba35a4856947847b"
  integrity sha512-nGqtvLrj5w0naR6tDPfB4cUmYCqouzyQiz6C5y/LtcDllJdrcc6WaWW6iXyIIOErTa/XRybj28aasdn4LkVk6Q==

iconv-lite@^0.4.24:
  version "0.4.24"
  resolved "https://registry.yarnpkg.com/iconv-lite/-/iconv-lite-0.4.24.tgz#2022b4b25fbddc21d2f524974a474aafe733908b"
  integrity sha512-v3MXnZAcvnywkTUEZomIActle7RXXeedOR31wwl7VlyoXO4Qi9arvSenNQWne1TcRwhCL1HwLI21bEqdpj8/rA==
  dependencies:
    safer-buffer ">= 2.1.2 < 3"

inquirer@12.7.0:
  version "12.7.0"
  resolved "https://registry.yarnpkg.com/inquirer/-/inquirer-12.7.0.tgz#57f07e096e33aa59519d0304ee74714a08e20dd1"
  integrity sha512-KKFRc++IONSyE2UYw9CJ1V0IWx5yQKomwB+pp3cWomWs+v2+ZsG11G2OVfAjFS6WWCppKw+RfKmpqGfSzD5QBQ==
  dependencies:
    "@inquirer/core" "^10.1.14"
    "@inquirer/prompts" "^7.6.0"
    "@inquirer/type" "^3.0.7"
    ansi-escapes "^4.3.2"
    mute-stream "^2.0.0"
    run-async "^4.0.4"
    rxjs "^7.8.2"

is-fullwidth-code-point@^3.0.0:
  version "3.0.0"
  resolved "https://registry.yarnpkg.com/is-fullwidth-code-point/-/is-fullwidth-code-point-3.0.0.tgz#f116f8064fe90b3f7844a38997c0b75051269f1d"
  integrity sha512-zymm5+u+sCsSWyD9qNaejV3DFvhCKclKdizYaJUuHA83RLjb7nSuGnddCHGv0hk+KY7BMAlsWeK4Ueg6EV6XQg==

mute-stream@^2.0.0:
  version "2.0.0"
  resolved "https://registry.yarnpkg.com/mute-stream/-/mute-stream-2.0.0.tgz#a5446fc0c512b71c83c44d908d5c7b7b4c493b2b"
  integrity sha512-WWdIxpyjEn+FhQJQQv9aQAYlHoNVdzIzUySNV1gHUPDSdZJ3yZn7pAAbQcV7B56Mvu881q9FZV+0Vx2xC44VWA==

os-tmpdir@~1.0.2:
  version "1.0.2"
  resolved "https://registry.yarnpkg.com/os-tmpdir/-/os-tmpdir-1.0.2.tgz#bbe67406c79aa85c5cfec766fe5734555dfa1274"
  integrity sha1-u+Z0BseaqFxc/sdm/lc0VV36EnQ=

oxlint@^1.2.0:
  version "1.6.0"
  resolved "https://registry.yarnpkg.com/oxlint/-/oxlint-1.6.0.tgz#ebe4611685befa5b0d445cf3c4720ade2cc2bd4f"
  integrity sha512-jtaD65PqzIa1udvSxxscTKBxYKuZoFXyKGLiU1Qjo1ulq3uv/fQDtoV1yey1FrQZrQjACGPi1Widsy1TucC7Jg==
  optionalDependencies:
    "@oxlint/darwin-arm64" "1.6.0"
    "@oxlint/darwin-x64" "1.6.0"
    "@oxlint/linux-arm64-gnu" "1.6.0"
    "@oxlint/linux-arm64-musl" "1.6.0"
    "@oxlint/linux-x64-gnu" "1.6.0"
    "@oxlint/linux-x64-musl" "1.6.0"
    "@oxlint/win32-arm64" "1.6.0"
    "@oxlint/win32-x64" "1.6.0"

prettier@3.6.2, prettier@^3.5.3:
  version "3.6.2"
  resolved "https://registry.yarnpkg.com/prettier/-/prettier-3.6.2.tgz#ccda02a1003ebbb2bfda6f83a074978f608b9393"
  integrity sha512-I7AIg5boAr5R0FFtJ6rCfD+LFsWHp81dolrFD8S79U9tb8Az2nGrJncnMSnys+bpQJfRUzqs9hnA81OAA3hCuQ==

run-async@^4.0.4:
  version "4.0.4"
  resolved "https://registry.yarnpkg.com/run-async/-/run-async-4.0.4.tgz#6855326c7ba59358979f7be96d30b972484d63db"
  integrity sha512-2cgeRHnV11lSXBEhq7sN7a5UVjTKm9JTb9x8ApIT//16D7QL96AgnNeWSGoB4gIHc0iYw/Ha0Z+waBaCYZVNhg==
  dependencies:
    oxlint "^1.2.0"
    prettier "^3.5.3"

rxjs@^7.8.2:
  version "7.8.2"
  resolved "https://registry.yarnpkg.com/rxjs/-/rxjs-7.8.2.tgz#955bc473ed8af11a002a2be52071bf475638607b"
  integrity sha512-dhKf903U/PQZY6boNNtAGdWbG85WAbjT/1xYoZIC7FAY0yWapOBQVsVrDl58W86//e1VpMNBtRV4MaXfdMySFA==
  dependencies:
    tslib "^2.1.0"

"safer-buffer@>= 2.1.2 < 3":
  version "2.1.2"
  resolved "https://registry.yarnpkg.com/safer-buffer/-/safer-buffer-2.1.2.tgz#44fa161b0187b9549dd84bb91802f9bd8385cd6a"
  integrity sha512-YZo3K82SD7Riyi0E1EQPojLz7kpepnSQI9IyPbHHg1XXXevb5dJI7tpyN2ADxGcQbHG7vcyRHk0cbwqcQriUtg==

signal-exit@^4.1.0:
  version "4.1.0"
  resolved "https://registry.yarnpkg.com/signal-exit/-/signal-exit-4.1.0.tgz#952188c1cbd546070e2dd20d0f41c0ae0530cb04"
  integrity sha512-bzyZ1e88w9O1iNJbKnOlvYTrWPDl46O1bG0D3XInv+9tkPrxrN8jUUTiFlDkkmKWgn1M6CfIA13SuGqOa9Korw==

string-width@^4.1.0:
  version "4.2.3"
  resolved "https://registry.yarnpkg.com/string-width/-/string-width-4.2.3.tgz#269c7117d27b05ad2e536830a8ec895ef9c6d010"
  integrity sha512-wKyQRQpjJ0sIp62ErSZdGsjMJWsap5oRNihHhu6G7JVO/9jIB6UyevL+tXuOqrng8j/cxKTWyWUwvSTriiZz/g==
  dependencies:
    emoji-regex "^8.0.0"
    is-fullwidth-code-point "^3.0.0"
    strip-ansi "^6.0.1"

strip-ansi@^6.0.0, strip-ansi@^6.0.1:
  version "6.0.1"
  resolved "https://registry.yarnpkg.com/strip-ansi/-/strip-ansi-6.0.1.tgz#9e26c63d30f53443e9489495b2105d37b67a85d9"
  integrity sha512-Y38VPSHcqkFrCpFnQ9vuSXmquuv5oXOKpGeT6aGrr3o3Gc9AlVa6JBfUSOCnbxGGZF+/0ooI7KrPuUSztUdU5A==
  dependencies:
    ansi-regex "^5.0.1"

tmp@^0.0.33:
  version "0.0.33"
  resolved "https://registry.yarnpkg.com/tmp/-/tmp-0.0.33.tgz#6d34335889768d21b2bcda0aa277ced3b1bfadf9"
  integrity sha512-jRCJlojKnZ3addtTOjdIqoRuPEKBvNXcGYqzO6zWZX8KfKEpnGY5jfggJQ3EjKuu8D4bJRr0y+cYJFmYbImXGw==
  dependencies:
    os-tmpdir "~1.0.2"

tslib@^2.1.0:
  version "2.3.1"
  resolved "https://registry.yarnpkg.com/tslib/-/tslib-2.3.1.tgz#e8a335add5ceae51aa261d32a490158ef042ef01"
  integrity sha512-77EbyPPpMz+FRFRuAFlWMtmgUWGe9UOG2Z25NqCwiIjRhOf5iKGuzSe5P2w1laq+FkRy4p+PCuVkJSGkzTEKVw==

type-fest@^0.21.3:
  version "0.21.3"
  resolved "https://registry.yarnpkg.com/type-fest/-/type-fest-0.21.3.tgz#d260a24b0198436e133fa26a524a6d65fa3b2e37"
  integrity sha512-t0rzBq87m3fVcduHDUFhKmyyX+9eo6WQjZvf51Ea/M0Q7+T374Jp1aUiyUl0GKxp8M/OETVHSDvmkyPgvX+X2w==

undici-types@~6.21.0:
  version "6.21.0"
  resolved "https://registry.yarnpkg.com/undici-types/-/undici-types-6.21.0.tgz#691d00af3909be93a7faa13be61b3a5b50ef12cb"
  integrity sha512-iwDZqg0QAGrg9Rav5H4n0M64c3mkR59cJ6wQp+7C4nI0gsmExaedaYLNO44eT4AtBBwjbTiGPMlt2Md0T9H9JQ==

universal-user-agent@^7.0.0, universal-user-agent@^7.0.2:
  version "7.0.2"
  resolved "https://registry.yarnpkg.com/universal-user-agent/-/universal-user-agent-7.0.2.tgz#52e7d0e9b3dc4df06cc33cb2b9fd79041a54827e"
  integrity sha512-0JCqzSKnStlRRQfCdowvqy3cy0Dvtlb8xecj/H8JFZuCze4rwjPZQOgvFvn0Ws/usCHQFGpyr+pB9adaGwXn4Q==

wrap-ansi@^6.2.0:
  version "6.2.0"
  resolved "https://registry.yarnpkg.com/wrap-ansi/-/wrap-ansi-6.2.0.tgz#e9393ba07102e6c91a3b221478f0257cd2856e53"
  integrity sha512-r6lPcBGxZXlIcymEu7InxDMhdW0KDxpLgoFLcguasxCaJ/SOIZwINatK9KY/tf+ZrlywOKU0UDj3ATXUBfxJXA==
  dependencies:
    ansi-styles "^4.0.0"
    string-width "^4.1.0"
    strip-ansi "^6.0.0"

yoctocolors-cjs@^2.1.2:
  version "2.1.2"
  resolved "https://registry.yarnpkg.com/yoctocolors-cjs/-/yoctocolors-cjs-2.1.2.tgz#f4b905a840a37506813a7acaa28febe97767a242"
  integrity sha512-cYVsTjKl8b+FrnidjibDWskAv7UKOfcwaVZdp/it9n1s9fU3IkgDbhdIRKCW4JDsAlECJY0ytoVPT3sK6kideA==
