# THIS IS AN AUTOGENERATED FILE. DO NOT EDIT THIS FILE DIRECTLY.
# yarn lockfile v1


"@inquirer/checkbox@^4.1.1":
  version "4.1.1"
  resolved "https://registry.yarnpkg.com/@inquirer/checkbox/-/checkbox-4.1.1.tgz#5f2c0ce74a75e3872f8e170fd209655972ce7802"
  integrity sha512-os5kFd/52gZTl/W6xqMfhaKVJHQM8V/U1P8jcSaQJ/C4Qhdrf2jEXdA/HaxfQs9iiUA/0yzYhk5d3oRHTxGDDQ==
  dependencies:
    "@inquirer/core" "^10.1.6"
    "@inquirer/figures" "^1.0.10"
    "@inquirer/type" "^3.0.4"
    ansi-escapes "^4.3.2"
    yoctocolors-cjs "^2.1.2"

"@inquirer/confirm@^5.1.5":
  version "5.1.5"
  resolved "https://registry.yarnpkg.com/@inquirer/confirm/-/confirm-5.1.5.tgz#0e6bf86794f69f849667ee38815608d6cd5917ba"
  integrity sha512-ZB2Cz8KeMINUvoeDi7IrvghaVkYT2RB0Zb31EaLWOE87u276w4wnApv0SH2qWaJ3r0VSUa3BIuz7qAV2ZvsZlg==
  dependencies:
    "@inquirer/core" "^10.1.6"
    "@inquirer/type" "^3.0.4"

"@inquirer/core@^10.1.6":
  version "10.1.6"
  resolved "https://registry.yarnpkg.com/@inquirer/core/-/core-10.1.6.tgz#2a92a219cb48c81453e145a5040d0e04f7df1aa2"
  integrity sha512-Bwh/Zk6URrHwZnSSzAZAKH7YgGYi0xICIBDFOqBQoXNNAzBHw/bgXgLmChfp+GyR3PnChcTbiCTZGC6YJNJkMA==
  dependencies:
    "@inquirer/figures" "^1.0.10"
    "@inquirer/type" "^3.0.4"
    ansi-escapes "^4.3.2"
    cli-width "^4.1.0"
    mute-stream "^2.0.0"
    signal-exit "^4.1.0"
    wrap-ansi "^6.2.0"
    yoctocolors-cjs "^2.1.2"

"@inquirer/editor@^4.2.6":
  version "4.2.6"
  resolved "https://registry.yarnpkg.com/@inquirer/editor/-/editor-4.2.6.tgz#dec442b9f7ada0804bb9ba689370cc05fd385b20"
  integrity sha512-l0smvr8g/KAVdXx4I92sFxZiaTG4kFc06cFZw+qqwTirwdUHMFLnouXBB9OafWhpO3cfEkEz2CdPoCmor3059A==
  dependencies:
    "@inquirer/core" "^10.1.6"
    "@inquirer/type" "^3.0.4"
    external-editor "^3.1.0"

"@inquirer/expand@^4.0.8":
  version "4.0.8"
  resolved "https://registry.yarnpkg.com/@inquirer/expand/-/expand-4.0.8.tgz#8438bd34af182d4a37d8d7101a328e10430efadc"
  integrity sha512-k0ouAC6L+0Yoj/j0ys2bat0fYcyFVtItDB7h+pDFKaDDSFJey/C/YY1rmIOqkmFVZ5rZySeAQuS8zLcKkKRLmg==
  dependencies:
    "@inquirer/core" "^10.1.6"
    "@inquirer/type" "^3.0.4"
    yoctocolors-cjs "^2.1.2"

"@inquirer/figures@^1.0.10":
  version "1.0.10"
  resolved "https://registry.yarnpkg.com/@inquirer/figures/-/figures-1.0.10.tgz#e3676a51c9c51aaabcd6ba18a28e82b98417db37"
  integrity sha512-Ey6176gZmeqZuY/W/nZiUyvmb1/qInjcpiZjXWi6nON+nxJpD1bxtSoBxNliGISae32n6OwbY+TSXPZ1CfS4bw==

"@inquirer/input@^4.1.5":
  version "4.1.5"
  resolved "https://registry.yarnpkg.com/@inquirer/input/-/input-4.1.5.tgz#ea3ffed7947c28d61ef3f261c4f261e99c4cac8a"
  integrity sha512-bB6wR5wBCz5zbIVBPnhp94BHv/G4eKbUEjlpCw676pI2chcvzTx1MuwZSCZ/fgNOdqDlAxkhQ4wagL8BI1D3Zg==
  dependencies:
    "@inquirer/core" "^10.1.6"
    "@inquirer/type" "^3.0.4"

"@inquirer/number@^3.0.8":
  version "3.0.8"
  resolved "https://registry.yarnpkg.com/@inquirer/number/-/number-3.0.8.tgz#ca44c09a8ac74040e2327e04694799eae603e9de"
  integrity sha512-CTKs+dT1gw8dILVWATn8Ugik1OHLkkfY82J+Musb57KpmF6EKyskv8zmMiEJPzOnLTZLo05X/QdMd8VH9oulXw==
  dependencies:
    "@inquirer/core" "^10.1.6"
    "@inquirer/type" "^3.0.4"

"@inquirer/password@^4.0.8":
  version "4.0.8"
  resolved "https://registry.yarnpkg.com/@inquirer/password/-/password-4.0.8.tgz#ac2b14800a75f15e3404d98616d9dc7d8c2df38b"
  integrity sha512-MgA+Z7o3K1df2lGY649fyOBowHGfrKRz64dx3+b6c1w+h2W7AwBoOkHhhF/vfhbs5S4vsKNCuDzS3s9r5DpK1g==
  dependencies:
    "@inquirer/core" "^10.1.6"
    "@inquirer/type" "^3.0.4"
    ansi-escapes "^4.3.2"

"@inquirer/prompts@^7.3.1":
  version "7.3.1"
  resolved "https://registry.yarnpkg.com/@inquirer/prompts/-/prompts-7.3.1.tgz#3fa954a7d9e71197b489a1d2a25a1e19b6688e76"
  integrity sha512-r1CiKuDV86BDpvj9DRFR+V+nIjsVBOsa2++dqdPqLYAef8kgHYvmQ8ySdP/ZeAIOWa27YGJZRkENdP3dK0H3gg==
  dependencies:
    "@inquirer/checkbox" "^4.1.1"
    "@inquirer/confirm" "^5.1.5"
    "@inquirer/editor" "^4.2.6"
    "@inquirer/expand" "^4.0.8"
    "@inquirer/input" "^4.1.5"
    "@inquirer/number" "^3.0.8"
    "@inquirer/password" "^4.0.8"
    "@inquirer/rawlist" "^4.0.8"
    "@inquirer/search" "^3.0.8"
    "@inquirer/select" "^4.0.8"

"@inquirer/rawlist@^4.0.8":
  version "4.0.8"
  resolved "https://registry.yarnpkg.com/@inquirer/rawlist/-/rawlist-4.0.8.tgz#1d4389186d63861a2abe2dd107f72e813dc0ea4b"
  integrity sha512-hl7rvYW7Xl4un8uohQRUgO6uc2hpn7PKqfcGkCOWC0AA4waBxAv6MpGOFCEDrUaBCP+pXPVqp4LmnpWmn1E1+g==
  dependencies:
    "@inquirer/core" "^10.1.6"
    "@inquirer/type" "^3.0.4"
    yoctocolors-cjs "^2.1.2"

"@inquirer/search@^3.0.8":
  version "3.0.8"
  resolved "https://registry.yarnpkg.com/@inquirer/search/-/search-3.0.8.tgz#38c25f5b2db15a268be76b09bd12b4599ecc216b"
  integrity sha512-ihSE9D3xQAupNg/aGDZaukqoUSXG2KfstWosVmFCG7jbMQPaj2ivxWtsB+CnYY/T4D6LX1GHKixwJLunNCffww==
  dependencies:
    "@inquirer/core" "^10.1.6"
    "@inquirer/figures" "^1.0.10"
    "@inquirer/type" "^3.0.4"
    yoctocolors-cjs "^2.1.2"

"@inquirer/select@^4.0.8":
  version "4.0.8"
  resolved "https://registry.yarnpkg.com/@inquirer/select/-/select-4.0.8.tgz#dde85e10bc4e650c51542de533a91b6bc63498b7"
  integrity sha512-Io2prxFyN2jOCcu4qJbVoilo19caiD3kqkD3WR0q3yDA5HUCo83v4LrRtg55ZwniYACW64z36eV7gyVbOfORjA==
  dependencies:
    "@inquirer/core" "^10.1.6"
    "@inquirer/figures" "^1.0.10"
    "@inquirer/type" "^3.0.4"
    ansi-escapes "^4.3.2"
    yoctocolors-cjs "^2.1.2"

"@inquirer/type@^3.0.4":
  version "3.0.4"
  resolved "https://registry.yarnpkg.com/@inquirer/type/-/type-3.0.4.tgz#fa5f9e91a0abf3c9e93d3e1990ecb891d8195cf2"
  integrity sha512-2MNFrDY8jkFYc9Il9DgLsHhMzuHnOYM1+CUYVWbzu9oT0hC7V7EcYvdCKeoll/Fcci04A+ERZ9wcc7cQ8lTkIA==

"@octokit/auth-token@^5.0.0":
  version "5.1.1"
  resolved "https://registry.yarnpkg.com/@octokit/auth-token/-/auth-token-5.1.1.tgz#3bbfe905111332a17f72d80bd0b51a3e2fa2cf07"
  integrity sha512-rh3G3wDO8J9wSjfI436JUKzHIxq8NaiL0tVeB2aXmG6p/9859aUOAjA9pmSPNGGZxfwmaJ9ozOJImuNVJdpvbA==

"@octokit/core@^6.1.4":
  version "6.1.4"
  resolved "https://registry.yarnpkg.com/@octokit/core/-/core-6.1.4.tgz#f5ccf911cc95b1ce9daf6de425d1664392f867db"
  integrity sha512-lAS9k7d6I0MPN+gb9bKDt7X8SdxknYqAMh44S5L+lNqIN2NuV8nvv3g8rPp7MuRxcOpxpUIATWprO0C34a8Qmg==
  dependencies:
    "@octokit/auth-token" "^5.0.0"
    "@octokit/graphql" "^8.1.2"
    "@octokit/request" "^9.2.1"
    "@octokit/request-error" "^6.1.7"
    "@octokit/types" "^13.6.2"
    before-after-hook "^3.0.2"
    universal-user-agent "^7.0.0"

"@octokit/endpoint@^10.0.0":
  version "10.1.1"
  resolved "https://registry.yarnpkg.com/@octokit/endpoint/-/endpoint-10.1.1.tgz#1a9694e7aef6aa9d854dc78dd062945945869bcc"
  integrity sha512-JYjh5rMOwXMJyUpj028cu0Gbp7qe/ihxfJMLc8VZBMMqSwLgOxDI1911gV4Enl1QSavAQNJcwmwBF9M0VvLh6Q==
  dependencies:
    "@octokit/types" "^13.0.0"
    universal-user-agent "^7.0.2"

"@octokit/endpoint@^10.1.3":
  version "10.1.3"
  resolved "https://registry.yarnpkg.com/@octokit/endpoint/-/endpoint-10.1.3.tgz#bfe8ff2ec213eb4216065e77654bfbba0fc6d4de"
  integrity sha512-nBRBMpKPhQUxCsQQeW+rCJ/OPSMcj3g0nfHn01zGYZXuNDvvXudF/TYY6APj5THlurerpFN4a/dQAIAaM6BYhA==
  dependencies:
    "@octokit/types" "^13.6.2"
    universal-user-agent "^7.0.2"

"@octokit/graphql@^8.1.2":
  version "8.1.2"
  resolved "https://registry.yarnpkg.com/@octokit/graphql/-/graphql-8.1.2.tgz#98b9072b22e0471b782d52ed0da08e2b2de52b17"
  integrity sha512-bdlj/CJVjpaz06NBpfHhp4kGJaRZfz7AzC+6EwUImRtrwIw8dIgJ63Xg0OzV9pRn3rIzrt5c2sa++BL0JJ8GLw==
  dependencies:
    "@octokit/request" "^9.1.4"
    "@octokit/types" "^13.6.2"
    universal-user-agent "^7.0.0"

"@octokit/openapi-types@^22.0.1":
  version "22.0.1"
  resolved "https://registry.yarnpkg.com/@octokit/openapi-types/-/openapi-types-22.0.1.tgz#41f5b1c4dad3e547906ea9258837fcbea7cc72b4"
  integrity sha512-1yN5m1IMNXthoBDUXFF97N1gHop04B3H8ws7wtOr8GgRyDO1gKALjwMHARNBoMBiB/2vEe/vxstrApcJZzQbnQ==

"@octokit/openapi-types@^23.0.1":
  version "23.0.1"
  resolved "https://registry.yarnpkg.com/@octokit/openapi-types/-/openapi-types-23.0.1.tgz#3721646ecd36b596ddb12650e0e89d3ebb2dd50e"
  integrity sha512-izFjMJ1sir0jn0ldEKhZ7xegCTj/ObmEDlEfpFrx4k/JyZSMRHbO3/rBwgE7f3m2DHt+RrNGIVw4wSmwnm3t/g==

"@octokit/plugin-paginate-rest@^11.4.2":
  version "11.4.2"
  resolved "https://registry.yarnpkg.com/@octokit/plugin-paginate-rest/-/plugin-paginate-rest-11.4.2.tgz#8f46a1de74c35e016c86701ef4ea0e8ef25a06e0"
  integrity sha512-BXJ7XPCTDXFF+wxcg/zscfgw2O/iDPtNSkwwR1W1W5c4Mb3zav/M2XvxQ23nVmKj7jpweB4g8viMeCQdm7LMVA==
  dependencies:
    "@octokit/types" "^13.7.0"

"@octokit/plugin-request-log@^5.3.1":
  version "5.3.1"
  resolved "https://registry.yarnpkg.com/@octokit/plugin-request-log/-/plugin-request-log-5.3.1.tgz#ccb75d9705de769b2aa82bcd105cc96eb0c00f69"
  integrity sha512-n/lNeCtq+9ofhC15xzmJCNKP2BWTv8Ih2TTy+jatNCCq/gQP/V7rK3fjIfuz0pDWDALO/o/4QY4hyOF6TQQFUw==

"@octokit/plugin-rest-endpoint-methods@^13.3.0":
  version "13.3.0"
  resolved "https://registry.yarnpkg.com/@octokit/plugin-rest-endpoint-methods/-/plugin-rest-endpoint-methods-13.3.0.tgz#ee18b9d6364bbae1d86e960d5576b555b41d2079"
  integrity sha512-LUm44shlmkp/6VC+qQgHl3W5vzUP99ZM54zH6BuqkJK4DqfFLhegANd+fM4YRLapTvPm4049iG7F3haANKMYvQ==
  dependencies:
    "@octokit/types" "^13.7.0"

"@octokit/request-error@^6.0.1", "@octokit/request-error@^6.1.7":
  version "6.1.7"
  resolved "https://registry.yarnpkg.com/@octokit/request-error/-/request-error-6.1.7.tgz#44fc598f5cdf4593e0e58b5155fe2e77230ff6da"
  integrity sha512-69NIppAwaauwZv6aOzb+VVLwt+0havz9GT5YplkeJv7fG7a40qpLt/yZKyiDxAhgz0EtgNdNcb96Z0u+Zyuy2g==
  dependencies:
    "@octokit/types" "^13.6.2"

"@octokit/request@^9.1.4":
  version "9.1.4"
  resolved "https://registry.yarnpkg.com/@octokit/request/-/request-9.1.4.tgz#c1e90bd57c3113253d27337c92609b8fed54d13b"
  integrity sha512-tMbOwGm6wDII6vygP3wUVqFTw3Aoo0FnVQyhihh8vVq12uO3P+vQZeo2CKMpWtPSogpACD0yyZAlVlQnjW71DA==
  dependencies:
    "@octokit/endpoint" "^10.0.0"
    "@octokit/request-error" "^6.0.1"
    "@octokit/types" "^13.6.2"
    fast-content-type-parse "^2.0.0"
    universal-user-agent "^7.0.2"

"@octokit/request@^9.2.1":
  version "9.2.2"
  resolved "https://registry.yarnpkg.com/@octokit/request/-/request-9.2.2.tgz#754452ec4692d7fdc32438a14e028eba0e6b2c09"
  integrity sha512-dZl0ZHx6gOQGcffgm1/Sf6JfEpmh34v3Af2Uci02vzUYz6qEN6zepoRtmybWXIGXFIK8K9ylE3b+duCWqhArtg==
  dependencies:
    "@octokit/endpoint" "^10.1.3"
    "@octokit/request-error" "^6.1.7"
    "@octokit/types" "^13.6.2"
    fast-content-type-parse "^2.0.0"
    universal-user-agent "^7.0.2"

"@octokit/rest@21.1.1":
  version "21.1.1"
  resolved "https://registry.yarnpkg.com/@octokit/rest/-/rest-21.1.1.tgz#7a70455ca451b1d253e5b706f35178ceefb74de2"
  integrity sha512-sTQV7va0IUVZcntzy1q3QqPm/r8rWtDCqpRAmb8eXXnKkjoQEtFe3Nt5GTVsHft+R6jJoHeSiVLcgcvhtue/rg==
  dependencies:
    "@octokit/core" "^6.1.4"
    "@octokit/plugin-paginate-rest" "^11.4.2"
    "@octokit/plugin-request-log" "^5.3.1"
    "@octokit/plugin-rest-endpoint-methods" "^13.3.0"

"@octokit/types@^13.0.0":
  version "13.4.0"
  resolved "https://registry.yarnpkg.com/@octokit/types/-/types-13.4.0.tgz#b9f6865a6fc491387352d7f327e1f030fa7be1cd"
  integrity sha512-WlMegy3lPXYWASe3k9Jslc5a0anrYAYMWtsFrxBTdQjS70hvLH6C+PGvHbOsgy3RA3LouGJoU/vAt4KarecQLQ==
  dependencies:
    "@octokit/openapi-types" "^22.0.1"

"@octokit/types@^13.6.2", "@octokit/types@^13.7.0":
  version "13.7.0"
  resolved "https://registry.yarnpkg.com/@octokit/types/-/types-13.7.0.tgz#22d0e26a8c9f53599bfb907213d8ccde547f36aa"
  integrity sha512-BXfRP+3P3IN6fd4uF3SniaHKOO4UXWBfkdR3vA8mIvaoO/wLjGN5qivUtW0QRitBHHMcfC41SLhNVYIZZE+wkA==
  dependencies:
    "@octokit/openapi-types" "^23.0.1"

"@types/node@22.13.1":
  version "22.13.1"
  resolved "https://registry.yarnpkg.com/@types/node/-/node-22.13.1.tgz#a2a3fefbdeb7ba6b89f40371842162fac0934f33"
  integrity sha512-jK8uzQlrvXqEU91UxiK5J7pKHyzgnI1Qnl0QDHIgVGuolJhRb9EEl28Cj9b3rGR8B2lhFCtvIm5os8lFnO/1Ew==
  dependencies:
    undici-types "~6.20.0"

ansi-escapes@^4.3.2:
  version "4.3.2"
  resolved "https://registry.yarnpkg.com/ansi-escapes/-/ansi-escapes-4.3.2.tgz#6b2291d1db7d98b6521d5f1efa42d0f3a9feb65e"
  integrity sha512-gKXj5ALrKWQLsYG9jlTRmR/xKluxHV+Z9QEwNIgCfM1/uwPMCuzVVnh5mwTd+OuBZcwSIMbqssNWRm1lE51QaQ==
  dependencies:
    type-fest "^0.21.3"

ansi-regex@^5.0.1:
  version "5.0.1"
  resolved "https://registry.yarnpkg.com/ansi-regex/-/ansi-regex-5.0.1.tgz#082cb2c89c9fe8659a311a53bd6a4dc5301db304"
  integrity sha512-quJQXlTSUGL2LH9SUXo8VwsY4soanhgo6LNSm84E1LBcE8s3O0wpdiRzyR9z/ZZJMlMWv37qOOb9pdJlMUEKFQ==

ansi-styles@^4.0.0:
  version "4.3.0"
  resolved "https://registry.yarnpkg.com/ansi-styles/-/ansi-styles-4.3.0.tgz#edd803628ae71c04c85ae7a0906edad34b648937"
  integrity sha512-zbB9rCJAT1rbjiVDb2hqKFHNYLxgtk8NURxZ3IZwD3F6NtxbXZQCnnSi1Lkx+IDohdPlFp222wVALIheZJQSEg==
  dependencies:
    color-convert "^2.0.1"

before-after-hook@^3.0.2:
  version "3.0.2"
  resolved "https://registry.yarnpkg.com/before-after-hook/-/before-after-hook-3.0.2.tgz#d5665a5fa8b62294a5aa0a499f933f4a1016195d"
  integrity sha512-Nik3Sc0ncrMK4UUdXQmAnRtzmNQTAAXmXIopizwZ1W1t8QmfJj+zL4OA2I7XPTPW5z5TDqv4hRo/JzouDJnX3A==

chardet@^0.7.0:
  version "0.7.0"
  resolved "https://registry.yarnpkg.com/chardet/-/chardet-0.7.0.tgz#90094849f0937f2eedc2425d0d28a9e5f0cbad9e"
  integrity sha512-mT8iDcrh03qDGRRmoA2hmBJnxpllMR+0/0qlzjqZES6NdiWDcZkCNAk4rPFZ9Q85r27unkiNNg8ZOiwZXBHwcA==

cli-width@^4.1.0:
  version "4.1.0"
  resolved "https://registry.yarnpkg.com/cli-width/-/cli-width-4.1.0.tgz#42daac41d3c254ef38ad8ac037672130173691c5"
  integrity sha512-ouuZd4/dm2Sw5Gmqy6bGyNNNe1qt9RpmxveLSO7KcgsTnU7RXfsw+/bukWGo1abgBiMAic068rclZsO4IWmmxQ==

color-convert@^2.0.1:
  version "2.0.1"
  resolved "https://registry.yarnpkg.com/color-convert/-/color-convert-2.0.1.tgz#72d3a68d598c9bdb3af2ad1e84f21d896abd4de3"
  integrity sha512-RRECPsj7iu/xb5oKYcsFHSppFNnsj/52OVTRKb4zP5onXwVF3zVmmToNcOfGC+CRDpfK/U584fMg38ZHCaElKQ==
  dependencies:
    color-name "~1.1.4"

color-name@~1.1.4:
  version "1.1.4"
  resolved "https://registry.yarnpkg.com/color-name/-/color-name-1.1.4.tgz#c2a09a87acbde69543de6f63fa3995c826c536a2"
  integrity sha512-dOy+3AuW3a2wNbZHIuMZpTcgjGuLU/uBL/ubcZF9OXbDo8ff4O8yVp5Bf0efS8uEoYo5q4Fx7dY9OgQGXgAsQA==

emoji-regex@^8.0.0:
  version "8.0.0"
  resolved "https://registry.yarnpkg.com/emoji-regex/-/emoji-regex-8.0.0.tgz#e818fd69ce5ccfcb404594f842963bf53164cc37"
  integrity sha512-MSjYzcWNOA0ewAHpz0MxpYFvwg6yjy1NG3xteoqz644VCo/RPgnr1/GGt+ic3iJTzQ8Eu3TdM14SawnVUmGE6A==

external-editor@^3.1.0:
  version "3.1.0"
  resolved "https://registry.yarnpkg.com/external-editor/-/external-editor-3.1.0.tgz#cb03f740befae03ea4d283caed2741a83f335495"
  integrity sha512-hMQ4CX1p1izmuLYyZqLMO/qGNw10wSv9QDCPfzXfyFrOaCSSoRfqE1Kf1s5an66J5JZC62NewG+mK49jOCtQew==
  dependencies:
    chardet "^0.7.0"
    iconv-lite "^0.4.24"
    tmp "^0.0.33"

fast-content-type-parse@^2.0.0:
  version "2.0.1"
  resolved "https://registry.yarnpkg.com/fast-content-type-parse/-/fast-content-type-parse-2.0.1.tgz#c236124534ee2cb427c8d8e5ba35a4856947847b"
  integrity sha512-nGqtvLrj5w0naR6tDPfB4cUmYCqouzyQiz6C5y/LtcDllJdrcc6WaWW6iXyIIOErTa/XRybj28aasdn4LkVk6Q==

iconv-lite@^0.4.24:
  version "0.4.24"
  resolved "https://registry.yarnpkg.com/iconv-lite/-/iconv-lite-0.4.24.tgz#2022b4b25fbddc21d2f524974a474aafe733908b"
  integrity sha512-v3MXnZAcvnywkTUEZomIActle7RXXeedOR31wwl7VlyoXO4Qi9arvSenNQWne1TcRwhCL1HwLI21bEqdpj8/rA==
  dependencies:
    safer-buffer ">= 2.1.2 < 3"

inquirer@12.4.1:
  version "12.4.1"
  resolved "https://registry.yarnpkg.com/inquirer/-/inquirer-12.4.1.tgz#b9a7693599e8dea99755586aeeb11865112e7782"
  integrity sha512-/V7OyFkeUBFO2jAokUq5emSlcVMHVvzg8bwwZnzmCwErPgbeftsthmPUg71AIi5mR0YmiJOLQ+bTiHVWEjOw7A==
  dependencies:
    "@inquirer/core" "^10.1.6"
    "@inquirer/prompts" "^7.3.1"
    "@inquirer/type" "^3.0.4"
    ansi-escapes "^4.3.2"
    mute-stream "^2.0.0"
    run-async "^3.0.0"
    rxjs "^7.8.1"

is-fullwidth-code-point@^3.0.0:
  version "3.0.0"
  resolved "https://registry.yarnpkg.com/is-fullwidth-code-point/-/is-fullwidth-code-point-3.0.0.tgz#f116f8064fe90b3f7844a38997c0b75051269f1d"
  integrity sha512-zymm5+u+sCsSWyD9qNaejV3DFvhCKclKdizYaJUuHA83RLjb7nSuGnddCHGv0hk+KY7BMAlsWeK4Ueg6EV6XQg==

mute-stream@^2.0.0:
  version "2.0.0"
  resolved "https://registry.yarnpkg.com/mute-stream/-/mute-stream-2.0.0.tgz#a5446fc0c512b71c83c44d908d5c7b7b4c493b2b"
  integrity sha512-WWdIxpyjEn+FhQJQQv9aQAYlHoNVdzIzUySNV1gHUPDSdZJ3yZn7pAAbQcV7B56Mvu881q9FZV+0Vx2xC44VWA==

os-tmpdir@~1.0.2:
  version "1.0.2"
  resolved "https://registry.yarnpkg.com/os-tmpdir/-/os-tmpdir-1.0.2.tgz#bbe67406c79aa85c5cfec766fe5734555dfa1274"
  integrity sha1-u+Z0BseaqFxc/sdm/lc0VV36EnQ=

prettier@3.4.2:
  version "3.4.2"
  resolved "https://registry.yarnpkg.com/prettier/-/prettier-3.4.2.tgz#a5ce1fb522a588bf2b78ca44c6e6fe5aa5a2b13f"
  integrity sha512-e9MewbtFo+Fevyuxn/4rrcDAaq0IYxPGLvObpQjiZBMAzB9IGmzlnG9RZy3FFas+eBMu2vA0CszMeduow5dIuQ==

run-async@^3.0.0:
  version "3.0.0"
  resolved "https://registry.yarnpkg.com/run-async/-/run-async-3.0.0.tgz#42a432f6d76c689522058984384df28be379daad"
  integrity sha512-540WwVDOMxA6dN6We19EcT9sc3hkXPw5mzRNGM3FkdN/vtE9NFvj5lFAPNwUDmJjXidm3v7TC1cTE7t17Ulm1Q==

rxjs@^7.8.1:
  version "7.8.1"
  resolved "https://registry.yarnpkg.com/rxjs/-/rxjs-7.8.1.tgz#6f6f3d99ea8044291efd92e7c7fcf562c4057543"
  integrity sha512-AA3TVj+0A2iuIoQkWEK/tqFjBq2j+6PO6Y0zJcvzLAFhEFIO3HL0vls9hWLncZbAAbK0mar7oZ4V079I/qPMxg==
  dependencies:
    tslib "^2.1.0"

"safer-buffer@>= 2.1.2 < 3":
  version "2.1.2"
  resolved "https://registry.yarnpkg.com/safer-buffer/-/safer-buffer-2.1.2.tgz#44fa161b0187b9549dd84bb91802f9bd8385cd6a"
  integrity sha512-YZo3K82SD7Riyi0E1EQPojLz7kpepnSQI9IyPbHHg1XXXevb5dJI7tpyN2ADxGcQbHG7vcyRHk0cbwqcQriUtg==

signal-exit@^4.1.0:
  version "4.1.0"
  resolved "https://registry.yarnpkg.com/signal-exit/-/signal-exit-4.1.0.tgz#952188c1cbd546070e2dd20d0f41c0ae0530cb04"
  integrity sha512-bzyZ1e88w9O1iNJbKnOlvYTrWPDl46O1bG0D3XInv+9tkPrxrN8jUUTiFlDkkmKWgn1M6CfIA13SuGqOa9Korw==

string-width@^4.1.0:
  version "4.2.3"
  resolved "https://registry.yarnpkg.com/string-width/-/string-width-4.2.3.tgz#269c7117d27b05ad2e536830a8ec895ef9c6d010"
  integrity sha512-wKyQRQpjJ0sIp62ErSZdGsjMJWsap5oRNihHhu6G7JVO/9jIB6UyevL+tXuOqrng8j/cxKTWyWUwvSTriiZz/g==
  dependencies:
    emoji-regex "^8.0.0"
    is-fullwidth-code-point "^3.0.0"
    strip-ansi "^6.0.1"

strip-ansi@^6.0.0, strip-ansi@^6.0.1:
  version "6.0.1"
  resolved "https://registry.yarnpkg.com/strip-ansi/-/strip-ansi-6.0.1.tgz#9e26c63d30f53443e9489495b2105d37b67a85d9"
  integrity sha512-Y38VPSHcqkFrCpFnQ9vuSXmquuv5oXOKpGeT6aGrr3o3Gc9AlVa6JBfUSOCnbxGGZF+/0ooI7KrPuUSztUdU5A==
  dependencies:
    ansi-regex "^5.0.1"

tmp@^0.0.33:
  version "0.0.33"
  resolved "https://registry.yarnpkg.com/tmp/-/tmp-0.0.33.tgz#6d34335889768d21b2bcda0aa277ced3b1bfadf9"
  integrity sha512-jRCJlojKnZ3addtTOjdIqoRuPEKBvNXcGYqzO6zWZX8KfKEpnGY5jfggJQ3EjKuu8D4bJRr0y+cYJFmYbImXGw==
  dependencies:
    os-tmpdir "~1.0.2"

tslib@^2.1.0:
  version "2.3.1"
  resolved "https://registry.yarnpkg.com/tslib/-/tslib-2.3.1.tgz#e8a335add5ceae51aa261d32a490158ef042ef01"
  integrity sha512-77EbyPPpMz+FRFRuAFlWMtmgUWGe9UOG2Z25NqCwiIjRhOf5iKGuzSe5P2w1laq+FkRy4p+PCuVkJSGkzTEKVw==

type-fest@^0.21.3:
  version "0.21.3"
  resolved "https://registry.yarnpkg.com/type-fest/-/type-fest-0.21.3.tgz#d260a24b0198436e133fa26a524a6d65fa3b2e37"
  integrity sha512-t0rzBq87m3fVcduHDUFhKmyyX+9eo6WQjZvf51Ea/M0Q7+T374Jp1aUiyUl0GKxp8M/OETVHSDvmkyPgvX+X2w==

undici-types@~6.20.0:
  version "6.20.0"
  resolved "https://registry.yarnpkg.com/undici-types/-/undici-types-6.20.0.tgz#8171bf22c1f588d1554d55bf204bc624af388433"
  integrity sha512-Ny6QZ2Nju20vw1SRHe3d9jVu6gJ+4e3+MMpqu7pqE5HT6WsTSlce++GQmK5UXS8mzV8DSYHrQH+Xrf2jVcuKNg==

universal-user-agent@^7.0.0, universal-user-agent@^7.0.2:
  version "7.0.2"
  resolved "https://registry.yarnpkg.com/universal-user-agent/-/universal-user-agent-7.0.2.tgz#52e7d0e9b3dc4df06cc33cb2b9fd79041a54827e"
  integrity sha512-0JCqzSKnStlRRQfCdowvqy3cy0Dvtlb8xecj/H8JFZuCze4rwjPZQOgvFvn0Ws/usCHQFGpyr+pB9adaGwXn4Q==

wrap-ansi@^6.2.0:
  version "6.2.0"
  resolved "https://registry.yarnpkg.com/wrap-ansi/-/wrap-ansi-6.2.0.tgz#e9393ba07102e6c91a3b221478f0257cd2856e53"
  integrity sha512-r6lPcBGxZXlIcymEu7InxDMhdW0KDxpLgoFLcguasxCaJ/SOIZwINatK9KY/tf+ZrlywOKU0UDj3ATXUBfxJXA==
  dependencies:
    ansi-styles "^4.0.0"
    string-width "^4.1.0"
    strip-ansi "^6.0.0"

yoctocolors-cjs@^2.1.2:
  version "2.1.2"
  resolved "https://registry.yarnpkg.com/yoctocolors-cjs/-/yoctocolors-cjs-2.1.2.tgz#f4b905a840a37506813a7acaa28febe97767a242"
  integrity sha512-cYVsTjKl8b+FrnidjibDWskAv7UKOfcwaVZdp/it9n1s9fU3IkgDbhdIRKCW4JDsAlECJY0ytoVPT3sK6kideA==
